
Microsoft Visual Studio Solution File, Format Version 12.00
# Visual Studio 15
VisualStudioVersion = 15.0.35213.121
MinimumVisualStudioVersion = 10.0.40219.1
Project("{FAE04EC0-301F-11D3-BF4B-00C04F79EFBC}") = "AdamAsmacaOyunu", "AdamAsmacaOyunu\AdamAsmacaOyunu.csproj", "{D0EBECFB-76EB-4CCD-A6C9-D71568EFCA63}"
EndProject
Global
	GlobalSection(SolutionConfigurationPlatforms) = preSolution
		Debug|Any CPU = Debug|Any CPU
		Release|Any CPU = Release|Any CPU
	EndGlobalSection
	GlobalSection(ProjectConfigurationPlatforms) = postSolution
		{D0EBECFB-76EB-4CCD-A6C9-D71568EFCA63}.Debug|Any CPU.ActiveCfg = Debug|Any CPU
		{D0EBECFB-76EB-4CCD-A6C9-D71568EFCA63}.Debug|Any CPU.Build.0 = Debug|Any CPU
		{D0EBECFB-76EB-4CCD-A6C9-D71568EFCA63}.Release|Any CPU.ActiveCfg = Release|Any CPU
		{D0EBECFB-76EB-4CCD-A6C9-D71568EFCA63}.Release|Any CPU.Build.0 = Release|Any CPU
	EndGlobalSection
	GlobalSection(SolutionProperties) = preSolution
		HideSolutionNode = FALSE
	EndGlobalSection
	GlobalSection(ExtensibilityGlobals) = postSolution
		SolutionGuid = {BEA3642D-94A9-4BB2-A08E-3FB11F4FE09C}
	EndGlobalSection
EndGlobal
