
Microsoft Visual Studio Solution File, Format Version 12.00
# Visual Studio 15
VisualStudioVersion = 15.0.35213.121
MinimumVisualStudioVersion = 10.0.40219.1
Project("{FAE04EC0-301F-11D3-BF4B-00C04F79EFBC}") = "NTP_Hafta7_Sorular8", "NTP_Hafta7_Sorular8\NTP_Hafta7_Sorular8.csproj", "{83911BCF-5283-4F88-AF2D-8266D2748CBE}"
EndProject
Project("{FAE04EC0-301F-11D3-BF4B-00C04F79EFBC}") = "CalisanYonetimSistemi", "CalisanYonetimSistemi\CalisanYonetimSistemi.csproj", "{FC597F51-9CB9-4B24-8B7C-1C5687800C06}"
EndProject
Project("{FAE04EC0-301F-11D3-BF4B-00C04F79EFBC}") = "HayvanatBahcesiSistemi", "HayvanatBahcesiSistemi\HayvanatBahcesiSistemi.csproj", "{C489C572-9974-46E9-8F41-08B9DF07046F}"
EndProject
Project("{FAE04EC0-301F-11D3-BF4B-00C04F79EFBC}") = "BankaSistemi", "BankaSistemi\BankaSistemi.csproj", "{DD7725AE-618B-4726-8AD8-FDF11C3398A9}"
EndProject
Project("{FAE04EC0-301F-11D3-BF4B-00C04F79EFBC}") = "BankaYonetimSistemi", "BankaYonetimSistemi\BankaYonetimSistemi.csproj", "{5DC002AA-F321-4B6F-9408-46D3DDB01609}"
EndProject
Project("{FAE04EC0-301F-11D3-BF4B-00C04F79EFBC}") = "MagazaYonetimSistemi", "MagazaYonetimSistemi\MagazaYonetimSistemi.csproj", "{74672D8F-DCF3-441F-88CD-2ACCBBE17C3C}"
EndProject
Project("{FAE04EC0-301F-11D3-BF4B-00C04F79EFBC}") = "ObserverDesignPattern", "ObserverDesignPattern\ObserverDesignPattern.csproj", "{D2C69115-C1D6-4A6C-8C2C-7499D0A8C4D2}"
EndProject
Global
	GlobalSection(SolutionConfigurationPlatforms) = preSolution
		Debug|Any CPU = Debug|Any CPU
		Release|Any CPU = Release|Any CPU
	EndGlobalSection
	GlobalSection(ProjectConfigurationPlatforms) = postSolution
		{83911BCF-5283-4F88-AF2D-8266D2748CBE}.Debug|Any CPU.ActiveCfg = Debug|Any CPU
		{83911BCF-5283-4F88-AF2D-8266D2748CBE}.Debug|Any CPU.Build.0 = Debug|Any CPU
		{83911BCF-5283-4F88-AF2D-8266D2748CBE}.Release|Any CPU.ActiveCfg = Release|Any CPU
		{83911BCF-5283-4F88-AF2D-8266D2748CBE}.Release|Any CPU.Build.0 = Release|Any CPU
		{FC597F51-9CB9-4B24-8B7C-1C5687800C06}.Debug|Any CPU.ActiveCfg = Debug|Any CPU
		{FC597F51-9CB9-4B24-8B7C-1C5687800C06}.Debug|Any CPU.Build.0 = Debug|Any CPU
		{FC597F51-9CB9-4B24-8B7C-1C5687800C06}.Release|Any CPU.ActiveCfg = Release|Any CPU
		{FC597F51-9CB9-4B24-8B7C-1C5687800C06}.Release|Any CPU.Build.0 = Release|Any CPU
		{C489C572-9974-46E9-8F41-08B9DF07046F}.Debug|Any CPU.ActiveCfg = Debug|Any CPU
		{C489C572-9974-46E9-8F41-08B9DF07046F}.Debug|Any CPU.Build.0 = Debug|Any CPU
		{C489C572-9974-46E9-8F41-08B9DF07046F}.Release|Any CPU.ActiveCfg = Release|Any CPU
		{C489C572-9974-46E9-8F41-08B9DF07046F}.Release|Any CPU.Build.0 = Release|Any CPU
		{DD7725AE-618B-4726-8AD8-FDF11C3398A9}.Debug|Any CPU.ActiveCfg = Debug|Any CPU
		{DD7725AE-618B-4726-8AD8-FDF11C3398A9}.Debug|Any CPU.Build.0 = Debug|Any CPU
		{DD7725AE-618B-4726-8AD8-FDF11C3398A9}.Release|Any CPU.ActiveCfg = Release|Any CPU
		{DD7725AE-618B-4726-8AD8-FDF11C3398A9}.Release|Any CPU.Build.0 = Release|Any CPU
		{5DC002AA-F321-4B6F-9408-46D3DDB01609}.Debug|Any CPU.ActiveCfg = Debug|Any CPU
		{5DC002AA-F321-4B6F-9408-46D3DDB01609}.Debug|Any CPU.Build.0 = Debug|Any CPU
		{5DC002AA-F321-4B6F-9408-46D3DDB01609}.Release|Any CPU.ActiveCfg = Release|Any CPU
		{5DC002AA-F321-4B6F-9408-46D3DDB01609}.Release|Any CPU.Build.0 = Release|Any CPU
		{74672D8F-DCF3-441F-88CD-2ACCBBE17C3C}.Debug|Any CPU.ActiveCfg = Debug|Any CPU
		{74672D8F-DCF3-441F-88CD-2ACCBBE17C3C}.Debug|Any CPU.Build.0 = Debug|Any CPU
		{74672D8F-DCF3-441F-88CD-2ACCBBE17C3C}.Release|Any CPU.ActiveCfg = Release|Any CPU
		{74672D8F-DCF3-441F-88CD-2ACCBBE17C3C}.Release|Any CPU.Build.0 = Release|Any CPU
		{D2C69115-C1D6-4A6C-8C2C-7499D0A8C4D2}.Debug|Any CPU.ActiveCfg = Debug|Any CPU
		{D2C69115-C1D6-4A6C-8C2C-7499D0A8C4D2}.Debug|Any CPU.Build.0 = Debug|Any CPU
		{D2C69115-C1D6-4A6C-8C2C-7499D0A8C4D2}.Release|Any CPU.ActiveCfg = Release|Any CPU
		{D2C69115-C1D6-4A6C-8C2C-7499D0A8C4D2}.Release|Any CPU.Build.0 = Release|Any CPU
	EndGlobalSection
	GlobalSection(SolutionProperties) = preSolution
		HideSolutionNode = FALSE
	EndGlobalSection
	GlobalSection(ExtensibilityGlobals) = postSolution
		SolutionGuid = {05E6F6E2-97BC-49ED-8EF3-DCB3A5AA8B1B}
	EndGlobalSection
EndGlobal
