
Microsoft Visual Studio Solution File, Format Version 12.00
# Visual Studio 15
VisualStudioVersion = 15.0.35213.121
MinimumVisualStudioVersion = 10.0.40219.1
Project("{FAE04EC0-301F-11D3-BF4B-00C04F79EFBC}") = "OrnekSoru_02", "OrnekSoru_02\OrnekSoru_02.csproj", "{3CE82837-0164-4B69-A599-524C3406EDF6}"
EndProject
Project("{FAE04EC0-301F-11D3-BF4B-00C04F79EFBC}") = "OrnekSoru_03", "OrnekSoru_03\OrnekSoru_03.csproj", "{36F763F4-97B3-4D5E-8569-8A73BC945430}"
EndProject
Project("{FAE04EC0-301F-11D3-BF4B-00C04F79EFBC}") = "OrnekSoru_04", "OrnekSoru_04\OrnekSoru_04.csproj", "{E82F3404-DAE9-4713-B58D-F02EA75CA458}"
EndProject
Project("{FAE04EC0-301F-11D3-BF4B-00C04F79EFBC}") = "OrnekSoru_05", "OrnekSoru_05\OrnekSoru_05.csproj", "{FFA27C52-7A33-45FD-AA9A-7F40DF4BF00C}"
EndProject
Project("{FAE04EC0-301F-11D3-BF4B-00C04F79EFBC}") = "OrnekSoru_06", "OrnekSoru_06\OrnekSoru_06.csproj", "{666693C8-B1F8-4A24-BF14-A634A07576F9}"
EndProject
Project("{FAE04EC0-301F-11D3-BF4B-00C04F79EFBC}") = "OrnekSoru_07", "OrnekSoru_07\OrnekSoru_07.csproj", "{206DD4B0-8D05-4C4D-99D6-F08E4D1A0868}"
EndProject
Project("{FAE04EC0-301F-11D3-BF4B-00C04F79EFBC}") = "OrnekSoru_08", "OrnekSoru_08\OrnekSoru_08.csproj", "{D73DBF7D-9CB2-48CE-AB3A-845B9508FCCE}"
EndProject
Project("{FAE04EC0-301F-11D3-BF4B-00C04F79EFBC}") = "OrnekSoru_09", "OrnekSoru_09\OrnekSoru_09.csproj", "{D508B695-E786-4BFD-91A2-7C1B5F2699F4}"
EndProject
Project("{FAE04EC0-301F-11D3-BF4B-00C04F79EFBC}") = "OrnekSoru_10", "OrnekSoru_10\OrnekSoru_10.csproj", "{394CED81-3F58-4E90-88BC-092791A3C47C}"
EndProject
Project("{FAE04EC0-301F-11D3-BF4B-00C04F79EFBC}") = "OrnekSoru_01", "OrnekSoru_01\OrnekSoru_01.csproj", "{227B67DA-070C-4A92-A400-8D5DBEF28CEE}"
EndProject
Global
	GlobalSection(SolutionConfigurationPlatforms) = preSolution
		Debug|Any CPU = Debug|Any CPU
		Release|Any CPU = Release|Any CPU
	EndGlobalSection
	GlobalSection(ProjectConfigurationPlatforms) = postSolution
		{3CE82837-0164-4B69-A599-524C3406EDF6}.Debug|Any CPU.ActiveCfg = Debug|Any CPU
		{3CE82837-0164-4B69-A599-524C3406EDF6}.Debug|Any CPU.Build.0 = Debug|Any CPU
		{3CE82837-0164-4B69-A599-524C3406EDF6}.Release|Any CPU.ActiveCfg = Release|Any CPU
		{3CE82837-0164-4B69-A599-524C3406EDF6}.Release|Any CPU.Build.0 = Release|Any CPU
		{36F763F4-97B3-4D5E-8569-8A73BC945430}.Debug|Any CPU.ActiveCfg = Debug|Any CPU
		{36F763F4-97B3-4D5E-8569-8A73BC945430}.Debug|Any CPU.Build.0 = Debug|Any CPU
		{36F763F4-97B3-4D5E-8569-8A73BC945430}.Release|Any CPU.ActiveCfg = Release|Any CPU
		{36F763F4-97B3-4D5E-8569-8A73BC945430}.Release|Any CPU.Build.0 = Release|Any CPU
		{E82F3404-DAE9-4713-B58D-F02EA75CA458}.Debug|Any CPU.ActiveCfg = Debug|Any CPU
		{E82F3404-DAE9-4713-B58D-F02EA75CA458}.Debug|Any CPU.Build.0 = Debug|Any CPU
		{E82F3404-DAE9-4713-B58D-F02EA75CA458}.Release|Any CPU.ActiveCfg = Release|Any CPU
		{E82F3404-DAE9-4713-B58D-F02EA75CA458}.Release|Any CPU.Build.0 = Release|Any CPU
		{FFA27C52-7A33-45FD-AA9A-7F40DF4BF00C}.Debug|Any CPU.ActiveCfg = Debug|Any CPU
		{FFA27C52-7A33-45FD-AA9A-7F40DF4BF00C}.Debug|Any CPU.Build.0 = Debug|Any CPU
		{FFA27C52-7A33-45FD-AA9A-7F40DF4BF00C}.Release|Any CPU.ActiveCfg = Release|Any CPU
		{FFA27C52-7A33-45FD-AA9A-7F40DF4BF00C}.Release|Any CPU.Build.0 = Release|Any CPU
		{666693C8-B1F8-4A24-BF14-A634A07576F9}.Debug|Any CPU.ActiveCfg = Debug|Any CPU
		{666693C8-B1F8-4A24-BF14-A634A07576F9}.Debug|Any CPU.Build.0 = Debug|Any CPU
		{666693C8-B1F8-4A24-BF14-A634A07576F9}.Release|Any CPU.ActiveCfg = Release|Any CPU
		{666693C8-B1F8-4A24-BF14-A634A07576F9}.Release|Any CPU.Build.0 = Release|Any CPU
		{206DD4B0-8D05-4C4D-99D6-F08E4D1A0868}.Debug|Any CPU.ActiveCfg = Debug|Any CPU
		{206DD4B0-8D05-4C4D-99D6-F08E4D1A0868}.Debug|Any CPU.Build.0 = Debug|Any CPU
		{206DD4B0-8D05-4C4D-99D6-F08E4D1A0868}.Release|Any CPU.ActiveCfg = Release|Any CPU
		{206DD4B0-8D05-4C4D-99D6-F08E4D1A0868}.Release|Any CPU.Build.0 = Release|Any CPU
		{D73DBF7D-9CB2-48CE-AB3A-845B9508FCCE}.Debug|Any CPU.ActiveCfg = Debug|Any CPU
		{D73DBF7D-9CB2-48CE-AB3A-845B9508FCCE}.Debug|Any CPU.Build.0 = Debug|Any CPU
		{D73DBF7D-9CB2-48CE-AB3A-845B9508FCCE}.Release|Any CPU.ActiveCfg = Release|Any CPU
		{D73DBF7D-9CB2-48CE-AB3A-845B9508FCCE}.Release|Any CPU.Build.0 = Release|Any CPU
		{D508B695-E786-4BFD-91A2-7C1B5F2699F4}.Debug|Any CPU.ActiveCfg = Debug|Any CPU
		{D508B695-E786-4BFD-91A2-7C1B5F2699F4}.Debug|Any CPU.Build.0 = Debug|Any CPU
		{D508B695-E786-4BFD-91A2-7C1B5F2699F4}.Release|Any CPU.ActiveCfg = Release|Any CPU
		{D508B695-E786-4BFD-91A2-7C1B5F2699F4}.Release|Any CPU.Build.0 = Release|Any CPU
		{394CED81-3F58-4E90-88BC-092791A3C47C}.Debug|Any CPU.ActiveCfg = Debug|Any CPU
		{394CED81-3F58-4E90-88BC-092791A3C47C}.Debug|Any CPU.Build.0 = Debug|Any CPU
		{394CED81-3F58-4E90-88BC-092791A3C47C}.Release|Any CPU.ActiveCfg = Release|Any CPU
		{394CED81-3F58-4E90-88BC-092791A3C47C}.Release|Any CPU.Build.0 = Release|Any CPU
		{227B67DA-070C-4A92-A400-8D5DBEF28CEE}.Debug|Any CPU.ActiveCfg = Debug|Any CPU
		{227B67DA-070C-4A92-A400-8D5DBEF28CEE}.Debug|Any CPU.Build.0 = Debug|Any CPU
		{227B67DA-070C-4A92-A400-8D5DBEF28CEE}.Release|Any CPU.ActiveCfg = Release|Any CPU
		{227B67DA-070C-4A92-A400-8D5DBEF28CEE}.Release|Any CPU.Build.0 = Release|Any CPU
	EndGlobalSection
	GlobalSection(SolutionProperties) = preSolution
		HideSolutionNode = FALSE
	EndGlobalSection
	GlobalSection(ExtensibilityGlobals) = postSolution
		SolutionGuid = {A79E79F5-E949-4BE5-A426-4F1952445788}
	EndGlobalSection
EndGlobal
